
Microsoft Visual Studio Solution File, Format Version 12.00
# Visual Studio 15
VisualStudioVersion = 15.0.28307.489
MinimumVisualStudioVersion = 10.0.40219.1
Project("{FAE04EC0-301F-11D3-BF4B-00C04F79EFBC}") = "FreeJoy Configurator", "FreeJoy Configurator\FreeJoy Configurator.csproj", "{D06FE0BE-10E4-44F1-859E-B6FF552A9F6E}"
EndProject
Global
	GlobalSection(SolutionConfigurationPlatforms) = preSolution
		Debug|Any CPU = Debug|Any CPU
		Release|Any CPU = Release|Any CPU
	EndGlobalSection
	GlobalSection(ProjectConfigurationPlatforms) = postSolution
		{D06FE0BE-10E4-44F1-859E-B6FF552A9F6E}.Debug|Any CPU.ActiveCfg = Debug|Any CPU
		{D06FE0BE-10E4-44F1-859E-B6FF552A9F6E}.Debug|Any CPU.Build.0 = Debug|Any CPU
		{D06FE0BE-10E4-44F1-859E-B6FF552A9F6E}.Release|Any CPU.ActiveCfg = Release|Any CPU
		{D06FE0BE-10E4-44F1-859E-B6FF552A9F6E}.Release|Any CPU.Build.0 = Release|Any CPU
	EndGlobalSection
	GlobalSection(SolutionProperties) = preSolution
		HideSolutionNode = FALSE
	EndGlobalSection
	GlobalSection(ExtensibilityGlobals) = postSolution
		SolutionGuid = {4E950C48-B607-4260-90F2-AEC2CF148F83}
	EndGlobalSection
EndGlobal
